#MicroXplorer Configuration settings - do not modify
Dma.Request0=SPI3_RX
Dma.Request1=SPI3_TX
Dma.RequestsNb=2
Dma.SPI3_RX.0.Direction=DMA_PERIPH_TO_MEMORY
Dma.SPI3_RX.0.FIFOMode=DMA_FIFOMODE_DISABLE
Dma.SPI3_RX.0.Instance=DMA1_Stream0
Dma.SPI3_RX.0.MemDataAlignment=DMA_MDATAALIGN_HALFWORD
Dma.SPI3_RX.0.MemInc=DMA_MINC_ENABLE
Dma.SPI3_RX.0.Mode=DMA_NORMAL
Dma.SPI3_RX.0.PeriphDataAlignment=DMA_PDATAALIGN_HALFWORD
Dma.SPI3_RX.0.PeriphInc=DMA_PINC_DISABLE
Dma.SPI3_RX.0.Priority=DMA_PRIORITY_LOW
Dma.SPI3_RX.0.RequestParameters=Instance,Direction,PeriphInc,MemInc,PeriphDataAlignment,MemDataAlignment,Mode,Priority,FIFOMode
Dma.SPI3_TX.1.Direction=DMA_MEMORY_TO_PERIPH
Dma.SPI3_TX.1.FIFOMode=DMA_FIFOMODE_DISABLE
Dma.SPI3_TX.1.Instance=DMA1_Stream5
Dma.SPI3_TX.1.MemDataAlignment=DMA_MDATAALIGN_HALFWORD
Dma.SPI3_TX.1.MemInc=DMA_MINC_ENABLE
Dma.SPI3_TX.1.Mode=DMA_NORMAL
Dma.SPI3_TX.1.PeriphDataAlignment=DMA_PDATAALIGN_HALFWORD
Dma.SPI3_TX.1.PeriphInc=DMA_PINC_DISABLE
Dma.SPI3_TX.1.Priority=DMA_PRIORITY_LOW
Dma.SPI3_TX.1.RequestParameters=Instance,Direction,PeriphInc,MemInc,PeriphDataAlignment,MemDataAlignment,Mode,Priority,FIFOMode
File.Version=6
GPIO.groupedBy=Group By Peripherals
KeepUserPlacement=false
Mcu.CPN=STM32F407VGT6
Mcu.Family=STM32F4
Mcu.IP0=DMA
Mcu.IP1=NVIC
Mcu.IP2=RCC
Mcu.IP3=SPI1
Mcu.IP4=SPI3
Mcu.IP5=SYS
Mcu.IP6=TIM4
Mcu.IP7=TIM9
Mcu.IP8=USART2
Mcu.IPNb=9
Mcu.Name=STM32F407V(E-G)Tx
Mcu.Package=LQFP100
Mcu.Pin0=PC14-OSC32_IN
Mcu.Pin1=PC15-OSC32_OUT
Mcu.Pin10=PB2
Mcu.Pin11=PE10
Mcu.Pin12=PD11
Mcu.Pin13=PD12
Mcu.Pin14=PD13
Mcu.Pin15=PA9
Mcu.Pin16=PA10
Mcu.Pin17=PA11
Mcu.Pin18=PA12
Mcu.Pin19=PA13
Mcu.Pin2=PH0-OSC_IN
Mcu.Pin20=PA14
Mcu.Pin21=PC10
Mcu.Pin22=PC11
Mcu.Pin23=PC12
Mcu.Pin24=PD0
Mcu.Pin25=PB3
Mcu.Pin26=PE1
Mcu.Pin27=VP_SYS_VS_Systick
Mcu.Pin28=VP_TIM9_VS_ClockSourceINT
Mcu.Pin3=PH1-OSC_OUT
Mcu.Pin4=PC0
Mcu.Pin5=PA2
Mcu.Pin6=PA3
Mcu.Pin7=PA5
Mcu.Pin8=PA6
Mcu.Pin9=PA7
Mcu.PinsNb=29
Mcu.ThirdPartyNb=0
Mcu.UserConstants=ENCODER_PERIOD,1999
Mcu.UserName=STM32F407VGTx
MxCube.Version=6.6.1
MxDb.Version=DB.6.0.60
NVIC.BusFault_IRQn=true\:0\:0\:false\:false\:true\:true\:false\:false
NVIC.DMA1_Stream0_IRQn=true\:0\:0\:false\:false\:true\:false\:true\:true
NVIC.DMA1_Stream5_IRQn=true\:0\:0\:false\:false\:true\:false\:true\:true
NVIC.DebugMonitor_IRQn=true\:0\:0\:false\:false\:true\:true\:false\:false
NVIC.EXTI15_10_IRQn=true\:0\:0\:false\:false\:true\:true\:true\:true
NVIC.ForceEnableDMAVector=true
NVIC.HardFault_IRQn=true\:0\:0\:false\:false\:true\:true\:false\:false
NVIC.MemoryManagement_IRQn=true\:0\:0\:false\:false\:true\:true\:false\:false
NVIC.NonMaskableInt_IRQn=true\:0\:0\:false\:false\:true\:true\:false\:false
NVIC.PendSV_IRQn=true\:0\:0\:false\:false\:true\:true\:false\:false
NVIC.PriorityGroup=NVIC_PRIORITYGROUP_2
NVIC.SPI1_IRQn=true\:1\:0\:true\:false\:true\:true\:true\:true
NVIC.SVCall_IRQn=true\:0\:0\:false\:false\:true\:true\:false\:false
NVIC.SysTick_IRQn=true\:0\:0\:false\:false\:true\:true\:true\:false
NVIC.TIM1_BRK_TIM9_IRQn=true\:2\:2\:true\:false\:true\:true\:true\:true
NVIC.TIM4_IRQn=true\:0\:0\:false\:false\:true\:true\:true\:true
NVIC.UsageFault_IRQn=true\:0\:0\:false\:false\:true\:true\:false\:false
PA10.GPIOParameters=GPIO_Speed,GPIO_PuPd,GPIO_Label,GPIO_Mode
PA10.GPIO_Label=OTG_FS_ID
PA10.GPIO_Mode=GPIO_MODE_AF_PP
PA10.GPIO_PuPd=GPIO_NOPULL
PA10.GPIO_Speed=GPIO_SPEED_FREQ_LOW
PA10.Locked=true
PA10.Signal=USB_OTG_FS_ID
PA11.GPIOParameters=GPIO_Speed,GPIO_PuPd,GPIO_Label,GPIO_Mode
PA11.GPIO_Label=OTG_FS_DM
PA11.GPIO_Mode=GPIO_MODE_AF_PP
PA11.GPIO_PuPd=GPIO_NOPULL
PA11.GPIO_Speed=GPIO_SPEED_FREQ_LOW
PA11.Locked=true
PA11.Signal=USB_OTG_FS_DM
PA12.GPIOParameters=GPIO_Speed,GPIO_PuPd,GPIO_Label,GPIO_Mode
PA12.GPIO_Label=OTG_FS_DP
PA12.GPIO_Mode=GPIO_MODE_AF_PP
PA12.GPIO_PuPd=GPIO_NOPULL
PA12.GPIO_Speed=GPIO_SPEED_FREQ_LOW
PA12.Locked=true
PA12.Signal=USB_OTG_FS_DP
PA13.GPIOParameters=GPIO_Label
PA13.GPIO_Label=SWDIO
PA13.Locked=true
PA13.Mode=Serial_Wire
PA13.Signal=SYS_JTMS-SWDIO
PA14.GPIOParameters=GPIO_Label
PA14.GPIO_Label=SWCLK
PA14.Locked=true
PA14.Mode=Serial_Wire
PA14.Signal=SYS_JTCK-SWCLK
PA2.Mode=Asynchronous
PA2.Signal=USART2_TX
PA3.Mode=Asynchronous
PA3.Signal=USART2_RX
PA5.GPIOParameters=GPIO_Speed,GPIO_PuPd,GPIO_Label,GPIO_Mode
PA5.GPIO_Label=SPI1_SCK [LIS302DL_SCL/SPC]
PA5.GPIO_Mode=GPIO_MODE_AF_PP
PA5.GPIO_PuPd=GPIO_NOPULL
PA5.GPIO_Speed=GPIO_SPEED_FREQ_LOW
PA5.Locked=true
PA5.Mode=Full_Duplex_Master
PA5.Signal=SPI1_SCK
PA6.GPIOParameters=GPIO_Speed,GPIO_PuPd,GPIO_Label,GPIO_Mode
PA6.GPIO_Label=SPI1_MISO [LIS302DL_SDO]
PA6.GPIO_Mode=GPIO_MODE_AF_PP
PA6.GPIO_PuPd=GPIO_NOPULL
PA6.GPIO_Speed=GPIO_SPEED_FREQ_LOW
PA6.Locked=true
PA6.Mode=Full_Duplex_Master
PA6.Signal=SPI1_MISO
PA7.GPIOParameters=GPIO_Speed,GPIO_PuPd,GPIO_Label,GPIO_Mode
PA7.GPIO_Label=SPI1_MOSI [LIS302DL_SDA/SDI/SDO]
PA7.GPIO_Mode=GPIO_MODE_AF_PP
PA7.GPIO_PuPd=GPIO_NOPULL
PA7.GPIO_Speed=GPIO_SPEED_FREQ_LOW
PA7.Locked=true
PA7.Mode=Full_Duplex_Master
PA7.Signal=SPI1_MOSI
PA9.GPIOParameters=GPIO_PuPd,GPIO_Label,GPIO_Mode
PA9.GPIO_Label=VBUS_FS
PA9.GPIO_Mode=GPIO_MODE_INPUT
PA9.GPIO_PuPd=GPIO_NOPULL
PA9.Locked=true
PA9.Signal=USB_OTG_FS_VBUS
PB2.GPIOParameters=GPIO_PuPd,GPIO_Label,GPIO_Mode
PB2.GPIO_Label=BOOT1
PB2.GPIO_Mode=GPIO_MODE_INPUT
PB2.GPIO_PuPd=GPIO_NOPULL
PB2.Locked=true
PB2.Signal=GPIO_Input
PB3.GPIOParameters=GPIO_Label
PB3.GPIO_Label=SWO
PB3.Locked=true
PB3.Signal=SYS_JTDO-SWO
PC0.GPIOParameters=GPIO_Speed,PinState,GPIO_PuPd,GPIO_Label
PC0.GPIO_Label=OTG_FS_PowerSwitchOn
PC0.GPIO_PuPd=GPIO_NOPULL
PC0.GPIO_Speed=GPIO_SPEED_FREQ_LOW
PC0.Locked=true
PC0.PinState=GPIO_PIN_SET
PC0.Signal=GPIO_Output
PC10.Mode=Full_Duplex_Master
PC10.Signal=SPI3_SCK
PC11.Mode=Full_Duplex_Master
PC11.Signal=SPI3_MISO
PC12.Mode=Full_Duplex_Master
PC12.Signal=SPI3_MOSI
PC14-OSC32_IN.GPIOParameters=GPIO_Label
PC14-OSC32_IN.GPIO_Label=PC14-OSC32_IN
PC14-OSC32_IN.Locked=true
PC14-OSC32_IN.Mode=LSE-External-Oscillator
PC14-OSC32_IN.Signal=RCC_OSC32_IN
PC15-OSC32_OUT.GPIOParameters=GPIO_Label
PC15-OSC32_OUT.GPIO_Label=PC15-OSC32_OUT
PC15-OSC32_OUT.Locked=true
PC15-OSC32_OUT.Mode=LSE-External-Oscillator
PC15-OSC32_OUT.Signal=RCC_OSC32_OUT
PD0.GPIOParameters=PinState,GPIO_Label
PD0.GPIO_Label=AS5047D_CS1
PD0.Locked=true
PD0.PinState=GPIO_PIN_SET
PD0.Signal=GPIO_Output
PD11.GPIOParameters=GPIO_Label
PD11.GPIO_Label=ENCODER_I
PD11.Locked=true
PD11.Signal=GPXTI11
PD12.GPIOParameters=GPIO_Label
PD12.GPIO_Label=ENCODER_A
PD12.Signal=S_TIM4_CH1
PD13.GPIOParameters=GPIO_Label
PD13.GPIO_Label=ENCODER_B
PD13.Signal=S_TIM4_CH2
PE1.GPIOParameters=GPIO_PuPd,GPIO_Label,GPIO_ModeDefaultEXTI
PE1.GPIO_Label=MEMS_INT2 [LIS302DL_INT2]
PE1.GPIO_ModeDefaultEXTI=GPIO_MODE_EVT_RISING
PE1.GPIO_PuPd=GPIO_NOPULL
PE1.Locked=true
PE1.Signal=GPXTI1
PE10.GPIOParameters=GPIO_Label
PE10.GPIO_Label=START_LOG
PE10.Locked=true
PE10.Signal=GPXTI10
PH0-OSC_IN.GPIOParameters=GPIO_Label
PH0-OSC_IN.GPIO_Label=PH0-OSC_IN
PH0-OSC_IN.Locked=true
PH0-OSC_IN.Mode=HSE-External-Oscillator
PH0-OSC_IN.Signal=RCC_OSC_IN
PH1-OSC_OUT.GPIOParameters=GPIO_Label
PH1-OSC_OUT.GPIO_Label=PH1-OSC_OUT
PH1-OSC_OUT.Locked=true
PH1-OSC_OUT.Mode=HSE-External-Oscillator
PH1-OSC_OUT.Signal=RCC_OSC_OUT
PinOutPanel.RotationAngle=0
ProjectManager.AskForMigrate=true
ProjectManager.BackupPrevious=false
ProjectManager.CompilerOptimize=6
ProjectManager.ComputerToolchain=false
ProjectManager.CoupleFile=true
ProjectManager.CustomerFirmwarePackage=
ProjectManager.DefaultFWLocation=true
ProjectManager.DeletePrevious=true
ProjectManager.DeviceId=STM32F407VGTx
ProjectManager.FirmwarePackage=STM32Cube FW_F4 V1.27.1
ProjectManager.FreePins=false
ProjectManager.HalAssertFull=false
ProjectManager.HeapSize=0x200
ProjectManager.KeepUserCode=true
ProjectManager.LastFirmware=true
ProjectManager.LibraryCopy=1
ProjectManager.MainLocation=Core/Src
ProjectManager.NoMain=false
ProjectManager.PreviousToolchain=
ProjectManager.ProjectBuild=false
ProjectManager.ProjectFileName=AS5047D_SPI_DMA.ioc
ProjectManager.ProjectName=AS5047D_SPI_DMA
ProjectManager.RegisterCallBack=
ProjectManager.StackSize=0x400
ProjectManager.TargetToolchain=STM32CubeIDE
ProjectManager.ToolChainLocation=
ProjectManager.UnderRoot=true
ProjectManager.functionlistsort=1-SystemClock_Config-RCC-false-HAL-false,2-MX_GPIO_Init-GPIO-false-HAL-true,3-MX_DMA_Init-DMA-false-HAL-true,4-MX_SPI1_Init-SPI1-false-HAL-true,5-MX_TIM9_Init-TIM9-false-LL-true,6-MX_SPI3_Init-SPI3-false-HAL-true,7-MX_TIM4_Init-TIM4-false-LL-true,8-MX_USART2_UART_Init-USART2-false-HAL-true
RCC.48MHZClocksFreq_Value=36571428.571428575
RCC.AHBCLKDivider=RCC_SYSCLK_DIV2
RCC.AHBFreq_Value=64000000
RCC.APB1CLKDivider=RCC_HCLK_DIV2
RCC.APB1Freq_Value=32000000
RCC.APB1TimFreq_Value=64000000
RCC.APB2CLKDivider=RCC_HCLK_DIV2
RCC.APB2Freq_Value=32000000
RCC.APB2TimFreq_Value=64000000
RCC.CortexFreq_Value=64000000
RCC.EthernetFreq_Value=128000000
RCC.FCLKCortexFreq_Value=64000000
RCC.FamilyName=M
RCC.HCLKFreq_Value=64000000
RCC.HSE_VALUE=8000000
RCC.HSI_VALUE=16000000
RCC.I2SClocksFreq_Value=96000000
RCC.IPParameters=48MHZClocksFreq_Value,AHBCLKDivider,AHBFreq_Value,APB1CLKDivider,APB1Freq_Value,APB1TimFreq_Value,APB2CLKDivider,APB2Freq_Value,APB2TimFreq_Value,CortexFreq_Value,EthernetFreq_Value,FCLKCortexFreq_Value,FamilyName,HCLKFreq_Value,HSE_VALUE,HSI_VALUE,I2SClocksFreq_Value,LSI_VALUE,MCO2PinFreq_Value,PLLCLKFreq_Value,PLLM,PLLN,PLLQ,PLLQCLKFreq_Value,PLLSourceVirtual,RTCFreq_Value,RTCHSEDivFreq_Value,SYSCLKFreq_VALUE,SYSCLKSource,VCOI2SOutputFreq_Value,VCOInputFreq_Value,VCOOutputFreq_Value,VcooutputI2S
RCC.LSI_VALUE=32000
RCC.MCO2PinFreq_Value=128000000
RCC.PLLCLKFreq_Value=128000000
RCC.PLLM=8
RCC.PLLN=256
RCC.PLLQ=7
RCC.PLLQCLKFreq_Value=36571428.571428575
RCC.PLLSourceVirtual=RCC_PLLSOURCE_HSE
RCC.RTCFreq_Value=32000
RCC.RTCHSEDivFreq_Value=4000000
RCC.SYSCLKFreq_VALUE=128000000
RCC.SYSCLKSource=RCC_SYSCLKSOURCE_PLLCLK
RCC.VCOI2SOutputFreq_Value=192000000
RCC.VCOInputFreq_Value=1000000
RCC.VCOOutputFreq_Value=256000000
RCC.VcooutputI2S=96000000
SH.GPXTI1.0=GPIO_EXTI1
SH.GPXTI1.ConfNb=1
SH.GPXTI10.0=GPIO_EXTI10
SH.GPXTI10.ConfNb=1
SH.GPXTI11.0=GPIO_EXTI11
SH.GPXTI11.ConfNb=1
SH.S_TIM4_CH1.0=TIM4_CH1,Encoder_Interface
SH.S_TIM4_CH1.ConfNb=1
SH.S_TIM4_CH2.0=TIM4_CH2,Encoder_Interface
SH.S_TIM4_CH2.ConfNb=1
SPI1.BaudRatePrescaler=SPI_BAUDRATEPRESCALER_32
SPI1.BaudRatePrescaler-Full_Duplex_Master=SPI_BAUDRATEPRESCALER_2
SPI1.CLKPhase=SPI_PHASE_2EDGE
SPI1.CRCCalculation=SPI_CRCCALCULATION_DISABLE
SPI1.CalculateBaudRate=1000.0 KBits/s
SPI1.CalculateBaudRate-Full_Duplex_Master=42.0 MBits/s
SPI1.DataSize=SPI_DATASIZE_16BIT
SPI1.Direction=SPI_DIRECTION_2LINES
SPI1.IPParameters=CalculateBaudRate-Full_Duplex_Master,BaudRatePrescaler-Full_Duplex_Master,Mode-Full_Duplex_Master,Mode,VirtualType,Direction,DataSize,CLKPhase,CalculateBaudRate,BaudRatePrescaler,CRCCalculation
SPI1.Mode=SPI_MODE_MASTER
SPI1.Mode-Full_Duplex_Master=SPI_MODE_MASTER
SPI1.VirtualType=VM_MASTER
SPI3.BaudRatePrescaler=SPI_BAUDRATEPRESCALER_32
SPI3.CLKPhase=SPI_PHASE_2EDGE
SPI3.CalculateBaudRate=1000.0 KBits/s
SPI3.DataSize=SPI_DATASIZE_16BIT
SPI3.Direction=SPI_DIRECTION_2LINES
SPI3.IPParameters=VirtualType,Mode,Direction,CalculateBaudRate,DataSize,BaudRatePrescaler,CLKPhase
SPI3.Mode=SPI_MODE_MASTER
SPI3.VirtualType=VM_MASTER
TIM4.AutoReloadPreload=TIM_AUTORELOAD_PRELOAD_DISABLE
TIM4.CounterMode=TIM_COUNTERMODE_UP
TIM4.EncoderMode=TIM_ENCODERMODE_TI12
TIM4.IC1Polarity=TIM_ICPOLARITY_FALLING
TIM4.IC2Polarity=TIM_ICPOLARITY_FALLING
TIM4.IPParameters=CounterMode,Period,AutoReloadPreload,EncoderMode,IC1Polarity,IC2Polarity
TIM4.Period=ENCODER_PERIOD
TIM9.AutoReloadPreload=TIM_AUTORELOAD_PRELOAD_ENABLE
TIM9.ClockDivision=TIM_CLOCKDIVISION_DIV1
TIM9.IPParameters=Prescaler,Period,ClockDivision,AutoReloadPreload
TIM9.Period=99
TIM9.Prescaler=63999
USART2.IPParameters=VirtualMode
USART2.VirtualMode=VM_ASYNC
VP_SYS_VS_Systick.Mode=SysTick
VP_SYS_VS_Systick.Signal=SYS_VS_Systick
VP_TIM9_VS_ClockSourceINT.Mode=Internal
VP_TIM9_VS_ClockSourceINT.Signal=TIM9_VS_ClockSourceINT
board=STM32F407G-DISC1
boardIOC=true
isbadioc=false
